lockfileVersion: 5.3

specifiers:
  '@types/node': ^16.11.14
  chalk: ^5.0.0
  esbuild: ^0.14.5
  esbuild-register: ^3.2.1
  prettier: ^2.5.1
  ts-node: ^10.4.0
  typescript: ^4.5.4

devDependencies:
  '@types/node': 16.11.14
  chalk: 5.0.0
  esbuild: 0.14.5
  esbuild-register: 3.2.1_esbuild@0.14.5
  prettier: 2.5.1
  ts-node: 10.4.0_5d12c2add188ff0e728b4ade3dacd39b
  typescript: 4.5.4

packages:

  /@cspotcode/source-map-consumer/0.8.0:
    resolution: {integrity: sha512-41qniHzTU8yAGbCp04ohlmSrZf8bkf/iJsl3V0dRGsQN/5GFfx+LbCSsCpp2gqrqjTVg/K6O8ycoV35JIwAzAg==}
    engines: {node: '>= 12'}
    dev: true

  /@cspotcode/source-map-support/0.7.0:
    resolution: {integrity: sha512-X4xqRHqN8ACt2aHVe51OxeA2HjbcL4MqFqXkrmQszJ1NOUuUu5u6Vqx/0lZSVNku7velL5FC/s5uEAj1lsBMhA==}
    engines: {node: '>=12'}
    dependencies:
      '@cspotcode/source-map-consumer': 0.8.0
    dev: true

  /@tsconfig/node10/1.0.8:
    resolution: {integrity: sha512-6XFfSQmMgq0CFLY1MslA/CPUfhIL919M1rMsa5lP2P097N2Wd1sSX0tx1u4olM16fLNhtHZpRhedZJphNJqmZg==}
    dev: true

  /@tsconfig/node12/1.0.9:
    resolution: {integrity: sha512-/yBMcem+fbvhSREH+s14YJi18sp7J9jpuhYByADT2rypfajMZZN4WQ6zBGgBKp53NKmqI36wFYDb3yaMPurITw==}
    dev: true

  /@tsconfig/node14/1.0.1:
    resolution: {integrity: sha512-509r2+yARFfHHE7T6Puu2jjkoycftovhXRqW328PDXTVGKihlb1P8Z9mMZH04ebyajfRY7dedfGynlrFHJUQCg==}
    dev: true

  /@tsconfig/node16/1.0.2:
    resolution: {integrity: sha512-eZxlbI8GZscaGS7kkc/trHTT5xgrjH3/1n2JDwusC9iahPKWMRvRjJSAN5mCXviuTGQ/lHnhvv8Q1YTpnfz9gA==}
    dev: true

  /@types/node/16.11.14:
    resolution: {integrity: sha512-mK6BKLpL0bG6v2CxHbm0ed6RcZrAtTHBTd/ZpnlVPVa3HkumsqLE4BC4u6TQ8D7pnrRbOU0am6epuALs+Ncnzw==}
    dev: true

  /acorn-walk/8.2.0:
    resolution: {integrity: sha512-k+iyHEuPgSw6SbuDpGQM+06HQUa04DZ3o+F6CSzXMvvI5KMvnaEqXe+YVe555R9nn6GPt404fos4wcgpw12SDA==}
    engines: {node: '>=0.4.0'}
    dev: true

  /acorn/8.6.0:
    resolution: {integrity: sha512-U1riIR+lBSNi3IbxtaHOIKdH8sLFv3NYfNv8sg7ZsNhcfl4HF2++BfqqrNAxoCLQW1iiylOj76ecnaUxz+z9yw==}
    engines: {node: '>=0.4.0'}
    hasBin: true
    dev: true

  /arg/4.1.3:
    resolution: {integrity: sha512-58S9QDqG0Xx27YwPSt9fJxivjYl432YCwfDMfZ+71RAqUrZef7LrKQZ3LHLOwCS4FLNBplP533Zx895SeOCHvA==}
    dev: true

  /chalk/5.0.0:
    resolution: {integrity: sha512-/duVOqst+luxCQRKEo4bNxinsOQtMP80ZYm7mMqzuh5PociNL0PvmHFvREJ9ueYL2TxlHjBcmLCdmocx9Vg+IQ==}
    engines: {node: ^12.17.0 || ^14.13 || >=16.0.0}
    dev: true

  /create-require/1.1.1:
    resolution: {integrity: sha512-dcKFX3jn0MpIaXjisoRvexIJVEKzaq7z2rZKxf+MSr9TkdmHmsU4m2lcLojrj/FHl8mk5VxMmYA+ftRkP/3oKQ==}
    dev: true

  /diff/4.0.2:
    resolution: {integrity: sha512-58lmxKSA4BNyLz+HHMUzlOEpg09FV+ev6ZMe3vJihgdxzgcwZ8VoEEPmALCZG9LmqfVoNMMKpttIYTVG6uDY7A==}
    engines: {node: '>=0.3.1'}
    dev: true

  /esbuild-android-arm64/0.14.5:
    resolution: {integrity: sha512-Sl6ysm7OAZZz+X3Mv3tOPhjMuSxNmztgoXH4ZZ3Yhbje5emEY6qiTnv3vBSljDlUl/yGaIjqC44qlj8s8G71xA==}
    cpu: [arm64]
    os: [android]
    requiresBuild: true
    dev: true
    optional: true

  /esbuild-darwin-64/0.14.5:
    resolution: {integrity: sha512-VHZl23sM9BOZXcLxk1vTYls8TCAY+/3llw9vHKIWAHDHzBBOlVv26ORK8gnStNMqTjCSGSMoq4T5jOZf2WrJPQ==}
    cpu: [x64]
    os: [darwin]
    requiresBuild: true
    dev: true
    optional: true

  /esbuild-darwin-arm64/0.14.5:
    resolution: {integrity: sha512-ugPOLgEQPoPLSqAFBajaczt+lcbUZR+V2fby3572h5jf/kFV6UL8LAZ1Ze58hcbKwfvbh4C09kp0PhqPgXKwOg==}
    cpu: [arm64]
    os: [darwin]
    requiresBuild: true
    dev: true
    optional: true

  /esbuild-freebsd-64/0.14.5:
    resolution: {integrity: sha512-uP0yOixSHF505o/Kzq9e4bvZblCZp9GGx+a7enLOVSuvIvLmtj2yhZLRPGfbVNkPJXktTKNRAnNGkXHl53M6sw==}
    cpu: [x64]
    os: [freebsd]
    requiresBuild: true
    dev: true
    optional: true

  /esbuild-freebsd-arm64/0.14.5:
    resolution: {integrity: sha512-M99NPu8hlirFo6Fgx0WfX6XxUFdGclUNv3MyyfDtTdNYbccMESwLSACGpE7HvJKWscdjaqajeMu2an9adGNfCw==}
    cpu: [arm64]
    os: [freebsd]
    requiresBuild: true
    dev: true
    optional: true

  /esbuild-linux-32/0.14.5:
    resolution: {integrity: sha512-hfqln4yb/jf/vPvI/A6aCvpIzqF3PdDmrKiikTohEUuRtvEZz234krtNwEAw5ssCue4NX8BJqrMpCTAHOl3LQw==}
    cpu: [ia32]
    os: [linux]
    requiresBuild: true
    dev: true
    optional: true

  /esbuild-linux-64/0.14.5:
    resolution: {integrity: sha512-T+OuYPlhytjj5DsvjUXizNjbV+/IrZiaDc9SNUfqiUOXHu0URFqchjhPVbBiBnWykCMJFB6pqNap2Oxth4iuYw==}
    cpu: [x64]
    os: [linux]
    requiresBuild: true
    dev: true
    optional: true

  /esbuild-linux-arm/0.14.5:
    resolution: {integrity: sha512-5b10jKJ3lU4BUchOw9TgRResu8UZJf8qVjAzV5muHedonCfBzClGTT4KCNuOcLTJomH3wz6gNVJt1AxMglXnJg==}
    cpu: [arm]
    os: [linux]
    requiresBuild: true
    dev: true
    optional: true

  /esbuild-linux-arm64/0.14.5:
    resolution: {integrity: sha512-ANOzoaH4kfbhEZT0EGY9g1tsZhDA+I0FRwBsj7D8pCU900pXF/l8YAOy5jWFQIb3vjG5+orFc5SqSzAKCisvTQ==}
    cpu: [arm64]
    os: [linux]
    requiresBuild: true
    dev: true
    optional: true

  /esbuild-linux-mips64le/0.14.5:
    resolution: {integrity: sha512-sSmGfOUNNB2Nd3tzp1RHSxiJmM5/RUIEP5aAtH+PpOP7FPp15Jcfwq7UNBJ82KLN3SJcwhUeEfcCaUFBzbTKxg==}
    cpu: [mips64el]
    os: [linux]
    requiresBuild: true
    dev: true
    optional: true

  /esbuild-linux-ppc64le/0.14.5:
    resolution: {integrity: sha512-usfQrVVIQcpuc/U2NWc7/Ry+m622v+PjJ5eErNPdjWBPlcvD6kXaBTv94uQkVzZOHX3uYqprRrOjseed9ApSYA==}
    cpu: [ppc64]
    os: [linux]
    requiresBuild: true
    dev: true
    optional: true

  /esbuild-netbsd-64/0.14.5:
    resolution: {integrity: sha512-Q5KpvPZcPnNEaTjrvuWqvEnlhI2jyi1wWwYunlEUAhx60spQOTy10sdYOA+s1M+LPb6kwvasrZZDmYyQlcVZeA==}
    cpu: [x64]
    os: [netbsd]
    requiresBuild: true
    dev: true
    optional: true

  /esbuild-openbsd-64/0.14.5:
    resolution: {integrity: sha512-RZzRUu1RYKextJgXkHhAsuhLDvm73YP/wogpUG9MaAGvKTxnKAKRuaw2zJfnbz8iBqBQB2no2PmpVBNbqUTQrw==}
    cpu: [x64]
    os: [openbsd]
    requiresBuild: true
    dev: true
    optional: true

  /esbuild-register/3.2.1_esbuild@0.14.5:
    resolution: {integrity: sha512-LFgzsqCHsFUpTZdYJFTl1o5p60+C4nZ65BzFYPS1jKGwiKk6JLH8tuLwuydvpgreNUAeDUhTPJgJNjmpZKSOpQ==}
    peerDependencies:
      esbuild: '>=0.12 <1'
    dependencies:
      esbuild: 0.14.5
      jsonc-parser: 3.0.0
    dev: true

  /esbuild-sunos-64/0.14.5:
    resolution: {integrity: sha512-J2ffKsBBWscQlye+/giEgKsQCppwHHFqqt/sh+ojVF+DZy1ve6RpPGwXGcGF6IaZTAI9+Vk4eHleiQxb+PC9Yw==}
    cpu: [x64]
    os: [sunos]
    requiresBuild: true
    dev: true
    optional: true

  /esbuild-windows-32/0.14.5:
    resolution: {integrity: sha512-OTZvuAc1JBnwmeT+hR1+Vmgz6LOD7DggpnwtKMAExruSLxUMl02Z3pyalJ7zKh3gJ/KBRM1JQZLSk4/mFWijeQ==}
    cpu: [ia32]
    os: [win32]
    requiresBuild: true
    dev: true
    optional: true

  /esbuild-windows-64/0.14.5:
    resolution: {integrity: sha512-ZM9rlBDsPEeMVJ1wcpNMXUad9VzYOFeOBUXBi+16HZTvFPy2DkcC2ZWcrByP3IESToD5lvHdjSX/w8rxphjqig==}
    cpu: [x64]
    os: [win32]
    requiresBuild: true
    dev: true
    optional: true

  /esbuild-windows-arm64/0.14.5:
    resolution: {integrity: sha512-iK41mKG2LG0AKHE+9g/jDYU5ZQpJObt1uIPSGTiiiJKI5qbHdEck6Gaqq2tmBI933F2zB9yqZIX7IAdxwN/q4A==}
    cpu: [arm64]
    os: [win32]
    requiresBuild: true
    dev: true
    optional: true

  /esbuild/0.14.5:
    resolution: {integrity: sha512-ofwgH4ITPXhkMo2AM39oXpSe5KIyWjxicdqYVy+tLa1lMgxzPCKwaepcrSRtYbgTUMXwquxB1C3xQYpUNaPAFA==}
    hasBin: true
    requiresBuild: true
    optionalDependencies:
      esbuild-android-arm64: 0.14.5
      esbuild-darwin-64: 0.14.5
      esbuild-darwin-arm64: 0.14.5
      esbuild-freebsd-64: 0.14.5
      esbuild-freebsd-arm64: 0.14.5
      esbuild-linux-32: 0.14.5
      esbuild-linux-64: 0.14.5
      esbuild-linux-arm: 0.14.5
      esbuild-linux-arm64: 0.14.5
      esbuild-linux-mips64le: 0.14.5
      esbuild-linux-ppc64le: 0.14.5
      esbuild-netbsd-64: 0.14.5
      esbuild-openbsd-64: 0.14.5
      esbuild-sunos-64: 0.14.5
      esbuild-windows-32: 0.14.5
      esbuild-windows-64: 0.14.5
      esbuild-windows-arm64: 0.14.5
    dev: true

  /jsonc-parser/3.0.0:
    resolution: {integrity: sha512-fQzRfAbIBnR0IQvftw9FJveWiHp72Fg20giDrHz6TdfB12UH/uue0D3hm57UB5KgAVuniLMCaS8P1IMj9NR7cA==}
    dev: true

  /make-error/1.3.6:
    resolution: {integrity: sha512-s8UhlNe7vPKomQhC1qFelMokr/Sc3AgNbso3n74mVPA5LTZwkB9NlXf4XPamLxJE8h0gh73rM94xvwRT2CVInw==}
    dev: true

  /prettier/2.5.1:
    resolution: {integrity: sha512-vBZcPRUR5MZJwoyi3ZoyQlc1rXeEck8KgeC9AwwOn+exuxLxq5toTRDTSaVrXHxelDMHy9zlicw8u66yxoSUFg==}
    engines: {node: '>=10.13.0'}
    hasBin: true
    dev: true

  /ts-node/10.4.0_5d12c2add188ff0e728b4ade3dacd39b:
    resolution: {integrity: sha512-g0FlPvvCXSIO1JDF6S232P5jPYqBkRL9qly81ZgAOSU7rwI0stphCgd2kLiCrU9DjQCrJMWEqcNSjQL02s6d8A==}
    hasBin: true
    peerDependencies:
      '@swc/core': '>=1.2.50'
      '@swc/wasm': '>=1.2.50'
      '@types/node': '*'
      typescript: '>=2.7'
    peerDependenciesMeta:
      '@swc/core':
        optional: true
      '@swc/wasm':
        optional: true
    dependencies:
      '@cspotcode/source-map-support': 0.7.0
      '@tsconfig/node10': 1.0.8
      '@tsconfig/node12': 1.0.9
      '@tsconfig/node14': 1.0.1
      '@tsconfig/node16': 1.0.2
      '@types/node': 16.11.14
      acorn: 8.6.0
      acorn-walk: 8.2.0
      arg: 4.1.3
      create-require: 1.1.1
      diff: 4.0.2
      make-error: 1.3.6
      typescript: 4.5.4
      yn: 3.1.1
    dev: true

  /typescript/4.5.4:
    resolution: {integrity: sha512-VgYs2A2QIRuGphtzFV7aQJduJ2gyfTljngLzjpfW9FoYZF6xuw1W0vW9ghCKLfcWrCFxK81CSGRAvS1pn4fIUg==}
    engines: {node: '>=4.2.0'}
    hasBin: true
    dev: true

  /yn/3.1.1:
    resolution: {integrity: sha512-Ux4ygGWsu2c7isFWe8Yu1YluJmqVhxqK2cLXNQA5AcC3QfbGNpM7fu0Y8b/z16pXLnFxZYvWhd3fhBY9DLmC6Q==}
    engines: {node: '>=6'}
    dev: true
